// !$*UTF8*$!
{
	archiveVersion = 1;
	classes = {
	};
	objectVersion = 55;
	objects = {

/* Begin PBXBuildFile section */
		171D722627E4C9CA004A6ED7 /* GameKit.framework in Frameworks */ = {isa = PBXBuildFile; fileRef = 171D722527E4C9CA004A6ED7 /* GameKit.framework */; };
		171D722827E50F04004A6ED7 /* MenuViewController.swift in Sources */ = {isa = PBXBuildFile; fileRef = 171D722727E50F04004A6ED7 /* MenuViewController.swift */; };
		17995DF4273D5DDC006F4E03 /* AppDelegate.swift in Sources */ = {isa = PBXBuildFile; fileRef = 17995DF3273D5DDC006F4E03 /* AppDelegate.swift */; };
		17995DF6273D5DDC006F4E03 /* SceneDelegate.swift in Sources */ = {isa = PBXBuildFile; fileRef = 17995DF5273D5DDC006F4E03 /* SceneDelegate.swift */; };
		17995DF8273D5DDC006F4E03 /* ViewController.swift in Sources */ = {isa = PBXBuildFile; fileRef = 17995DF7273D5DDC006F4E03 /* ViewController.swift */; };
		17995DFB273D5DDC006F4E03 /* Main.storyboard in Resources */ = {isa = PBXBuildFile; fileRef = 17995DF9273D5DDC006F4E03 /* Main.storyboard */; };
		17995DFD273D5DDE006F4E03 /* Assets.xcassets in Resources */ = {isa = PBXBuildFile; fileRef = 17995DFC273D5DDE006F4E03 /* Assets.xcassets */; };
		17995E00273D5DDE006F4E03 /* LaunchScreen.storyboard in Resources */ = {isa = PBXBuildFile; fileRef = 17995DFE273D5DDE006F4E03 /* LaunchScreen.storyboard */; };
		17995E0B273D5DDF006F4E03 /* OneHalfTests.swift in Sources */ = {isa = PBXBuildFile; fileRef = 17995E0A273D5DDF006F4E03 /* OneHalfTests.swift */; };
		17995E15273D5DDF006F4E03 /* OneHalfUITests.swift in Sources */ = {isa = PBXBuildFile; fileRef = 17995E14273D5DDF006F4E03 /* OneHalfUITests.swift */; };
		17995E17273D5DDF006F4E03 /* OneHalfUITestsLaunchTests.swift in Sources */ = {isa = PBXBuildFile; fileRef = 17995E16273D5DDF006F4E03 /* OneHalfUITestsLaunchTests.swift */; };
/* End PBXBuildFile section */

/* Begin PBXContainerItemProxy section */
		17995E07273D5DDF006F4E03 /* PBXContainerItemProxy */ = {
			isa = PBXContainerItemProxy;
			containerPortal = 17995DE8273D5DDC006F4E03 /* Project object */;
			proxyType = 1;
			remoteGlobalIDString = 17995DEF273D5DDC006F4E03;
			remoteInfo = OneHalf;
		};
		17995E11273D5DDF006F4E03 /* PBXContainerItemProxy */ = {
			isa = PBXContainerItemProxy;
			containerPortal = 17995DE8273D5DDC006F4E03 /* Project object */;
			proxyType = 1;
			remoteGlobalIDString = 17995DEF273D5DDC006F4E03;
			remoteInfo = OneHalf;
		};
/* End PBXContainerItemProxy section */

/* Begin PBXFileReference section */
		171D722527E4C9CA004A6ED7 /* GameKit.framework */ = {isa = PBXFileReference; lastKnownFileType = wrapper.framework; name = GameKit.framework; path = System/Library/Frameworks/GameKit.framework; sourceTree = SDKROOT; };
		171D722727E50F04004A6ED7 /* MenuViewController.swift */ = {isa = PBXFileReference; lastKnownFileType = sourcecode.swift; path = MenuViewController.swift; sourceTree = "<group>"; };
		17995DF0273D5DDC006F4E03 /* OneHalf.app */ = {isa = PBXFileReference; explicitFileType = wrapper.application; includeInIndex = 0; path = OneHalf.app; sourceTree = BUILT_PRODUCTS_DIR; };
		17995DF3273D5DDC006F4E03 /* AppDelegate.swift */ = {isa = PBXFileReference; lastKnownFileType = sourcecode.swift; path = AppDelegate.swift; sourceTree = "<group>"; };
		17995DF5273D5DDC006F4E03 /* SceneDelegate.swift */ = {isa = PBXFileReference; lastKnownFileType = sourcecode.swift; path = SceneDelegate.swift; sourceTree = "<group>"; };
		17995DF7273D5DDC006F4E03 /* ViewController.swift */ = {isa = PBXFileReference; lastKnownFileType = sourcecode.swift; path = ViewController.swift; sourceTree = "<group>"; };
		17995DFA273D5DDC006F4E03 /* Base */ = {isa = PBXFileReference; lastKnownFileType = file.storyboard; name = Base; path = Base.lproj/Main.storyboard; sourceTree = "<group>"; };
		17995DFC273D5DDE006F4E03 /* Assets.xcassets */ = {isa = PBXFileReference; lastKnownFileType = folder.assetcatalog; path = Assets.xcassets; sourceTree = "<group>"; };
		17995DFF273D5DDE006F4E03 /* Base */ = {isa = PBXFileReference; lastKnownFileType = file.storyboard; name = Base; path = Base.lproj/LaunchScreen.storyboard; sourceTree = "<group>"; };
		17995E01273D5DDE006F4E03 /* Info.plist */ = {isa = PBXFileReference; lastKnownFileType = text.plist.xml; path = Info.plist; sourceTree = "<group>"; };
		17995E06273D5DDF006F4E03 /* OneHalfTests.xctest */ = {isa = PBXFileReference; explicitFileType = wrapper.cfbundle; includeInIndex = 0; path = OneHalfTests.xctest; sourceTree = BUILT_PRODUCTS_DIR; };
		17995E0A273D5DDF006F4E03 /* OneHalfTests.swift */ = {isa = PBXFileReference; lastKnownFileType = sourcecode.swift; path = OneHalfTests.swift; sourceTree = "<group>"; };
		17995E10273D5DDF006F4E03 /* OneHalfUITests.xctest */ = {isa = PBXFileReference; explicitFileType = wrapper.cfbundle; includeInIndex = 0; path = OneHalfUITests.xctest; sourceTree = BUILT_PRODUCTS_DIR; };
		17995E14273D5DDF006F4E03 /* OneHalfUITests.swift */ = {isa = PBXFileReference; lastKnownFileType = sourcecode.swift; path = OneHalfUITests.swift; sourceTree = "<group>"; };
		17995E16273D5DDF006F4E03 /* OneHalfUITestsLaunchTests.swift */ = {isa = PBXFileReference; lastKnownFileType = sourcecode.swift; path = OneHalfUITestsLaunchTests.swift; sourceTree = "<group>"; };
/* End PBXFileReference section */

/* Begin PBXFrameworksBuildPhase section */
		17995DED273D5DDC006F4E03 /* Frameworks */ = {
			isa = PBXFrameworksBuildPhase;
			buildActionMask = 2147483647;
			files = (
				171D722627E4C9CA004A6ED7 /* GameKit.framework in Frameworks */,
			);
			runOnlyForDeploymentPostprocessing = 0;
		};
		17995E03273D5DDF006F4E03 /* Frameworks */ = {
			isa = PBXFrameworksBuildPhase;
			buildActionMask = 2147483647;
			files = (
			);
			runOnlyForDeploymentPostprocessing = 0;
		};
		17995E0D273D5DDF006F4E03 /* Frameworks */ = {
			isa = PBXFrameworksBuildPhase;
			buildActionMask = 2147483647;
			files = (
			);
			runOnlyForDeploymentPostprocessing = 0;
		};
/* End PBXFrameworksBuildPhase section */

/* Begin PBXGroup section */
		171D722427E4C9CA004A6ED7 /* Frameworks */ = {
			isa = PBXGroup;
			children = (
				171D722527E4C9CA004A6ED7 /* GameKit.framework */,
			);
			name = Frameworks;
			sourceTree = "<group>";
		};
		17995DE7273D5DDC006F4E03 = {
			isa = PBXGroup;
			children = (
				17995DF2273D5DDC006F4E03 /* OneHalf */,
				17995E09273D5DDF006F4E03 /* OneHalfTests */,
				17995E13273D5DDF006F4E03 /* OneHalfUITests */,
				17995DF1273D5DDC006F4E03 /* Products */,
				171D722427E4C9CA004A6ED7 /* Frameworks */,
			);
			sourceTree = "<group>";
		};
		17995DF1273D5DDC006F4E03 /* Products */ = {
			isa = PBXGroup;
			children = (
				17995DF0273D5DDC006F4E03 /* OneHalf.app */,
				17995E06273D5DDF006F4E03 /* OneHalfTests.xctest */,
				17995E10273D5DDF006F4E03 /* OneHalfUITests.xctest */,
			);
			name = Products;
			sourceTree = "<group>";
		};
		17995DF2273D5DDC006F4E03 /* OneHalf */ = {
			isa = PBXGroup;
			children = (
				17995DF3273D5DDC006F4E03 /* AppDelegate.swift */,
				17995DF5273D5DDC006F4E03 /* SceneDelegate.swift */,
				17995DF7273D5DDC006F4E03 /* ViewController.swift */,
				17995DF9273D5DDC006F4E03 /* Main.storyboard */,
				171D722727E50F04004A6ED7 /* MenuViewController.swift */,
				17995DFC273D5DDE006F4E03 /* Assets.xcassets */,
				17995DFE273D5DDE006F4E03 /* LaunchScreen.storyboard */,
				17995E01273D5DDE006F4E03 /* Info.plist */,
			);
			path = OneHalf;
			sourceTree = "<group>";
		};
		17995E09273D5DDF006F4E03 /* OneHalfTests */ = {
			isa = PBXGroup;
			children = (
				17995E0A273D5DDF006F4E03 /* OneHalfTests.swift */,
			);
			path = OneHalfTests;
			sourceTree = "<group>";
		};
		17995E13273D5DDF006F4E03 /* OneHalfUITests */ = {
			isa = PBXGroup;
			children = (
				17995E14273D5DDF006F4E03 /* OneHalfUITests.swift */,
				17995E16273D5DDF006F4E03 /* OneHalfUITestsLaunchTests.swift */,
			);
			path = OneHalfUITests;
			sourceTree = "<group>";
		};
/* End PBXGroup section */

/* Begin PBXNativeTarget section */
		17995DEF273D5DDC006F4E03 /* OneHalf */ = {
			isa = PBXNativeTarget;
			buildConfigurationList = 17995E1A273D5DDF006F4E03 /* Build configuration list for PBXNativeTarget "OneHalf" */;
			buildPhases = (
				17995DEC273D5DDC006F4E03 /* Sources */,
				17995DED273D5DDC006F4E03 /* Frameworks */,
				17995DEE273D5DDC006F4E03 /* Resources */,
			);
			buildRules = (
			);
			dependencies = (
			);
			name = OneHalf;
			productName = OneHalf;
			productReference = 17995DF0273D5DDC006F4E03 /* OneHalf.app */;
			productType = "com.apple.product-type.application";
		};
		17995E05273D5DDF006F4E03 /* OneHalfTests */ = {
			isa = PBXNativeTarget;
			buildConfigurationList = 17995E1D273D5DDF006F4E03 /* Build configuration list for PBXNativeTarget "OneHalfTests" */;
			buildPhases = (
				17995E02273D5DDF006F4E03 /* Sources */,
				17995E03273D5DDF006F4E03 /* Frameworks */,
				17995E04273D5DDF006F4E03 /* Resources */,
			);
			buildRules = (
			);
			dependencies = (
				17995E08273D5DDF006F4E03 /* PBXTargetDependency */,
			);
			name = OneHalfTests;
			productName = OneHalfTests;
			productReference = 17995E06273D5DDF006F4E03 /* OneHalfTests.xctest */;
			productType = "com.apple.product-type.bundle.unit-test";
		};
		17995E0F273D5DDF006F4E03 /* OneHalfUITests */ = {
			isa = PBXNativeTarget;
			buildConfigurationList = 17995E20273D5DDF006F4E03 /* Build configuration list for PBXNativeTarget "OneHalfUITests" */;
			buildPhases = (
				17995E0C273D5DDF006F4E03 /* Sources */,
				17995E0D273D5DDF006F4E03 /* Frameworks */,
				17995E0E273D5DDF006F4E03 /* Resources */,
			);
			buildRules = (
			);
			dependencies = (
				17995E12273D5DDF006F4E03 /* PBXTargetDependency */,
			);
			name = OneHalfUITests;
			productName = OneHalfUITests;
			productReference = 17995E10273D5DDF006F4E03 /* OneHalfUITests.xctest */;
			productType = "com.apple.product-type.bundle.ui-testing";
		};
/* End PBXNativeTarget section */

/* Begin PBXProject section */
		17995DE8273D5DDC006F4E03 /* Project object */ = {
			isa = PBXProject;
			attributes = {
				BuildIndependentTargetsInParallel = 1;
				LastSwiftUpdateCheck = 1310;
				LastUpgradeCheck = 1310;
				TargetAttributes = {
					17995DEF273D5DDC006F4E03 = {
						CreatedOnToolsVersion = 13.1;
					};
					17995E05273D5DDF006F4E03 = {
						CreatedOnToolsVersion = 13.1;
						TestTargetID = 17995DEF273D5DDC006F4E03;
					};
					17995E0F273D5DDF006F4E03 = {
						CreatedOnToolsVersion = 13.1;
						TestTargetID = 17995DEF273D5DDC006F4E03;
					};
				};
			};
			buildConfigurationList = 17995DEB273D5DDC006F4E03 /* Build configuration list for PBXProject "OneHalf" */;
			compatibilityVersion = "Xcode 13.0";
			developmentRegion = en;
			hasScannedForEncodings = 0;
			knownRegions = (
				en,
				Base,
			);
			mainGroup = 17995DE7273D5DDC006F4E03;
			productRefGroup = 17995DF1273D5DDC006F4E03 /* Products */;
			projectDirPath = "";
			projectRoot = "";
			targets = (
				17995DEF273D5DDC006F4E03 /* OneHalf */,
				17995E05273D5DDF006F4E03 /* OneHalfTests */,
				17995E0F273D5DDF006F4E03 /* OneHalfUITests */,
			);
		};
/* End PBXProject section */

/* Begin PBXResourcesBuildPhase section */
		17995DEE273D5DDC006F4E03 /* Resources */ = {
			isa = PBXResourcesBuildPhase;
			buildActionMask = 2147483647;
			files = (
				17995E00273D5DDE006F4E03 /* LaunchScreen.storyboard in Resources */,
				17995DFD273D5DDE006F4E03 /* Assets.xcassets in Resources */,
				17995DFB273D5DDC006F4E03 /* Main.storyboard in Resources */,
			);
			runOnlyForDeploymentPostprocessing = 0;
		};
		17995E04273D5DDF006F4E03 /* Resources */ = {
			isa = PBXResourcesBuildPhase;
			buildActionMask = 2147483647;
			files = (
			);
			runOnlyForDeploymentPostprocessing = 0;
		};
		17995E0E273D5DDF006F4E03 /* Resources */ = {
			isa = PBXResourcesBuildPhase;
			buildActionMask = 2147483647;
			files = (
			);
			runOnlyForDeploymentPostprocessing = 0;
		};
/* End PBXResourcesBuildPhase section */

/* Begin PBXSourcesBuildPhase section */
		17995DEC273D5DDC006F4E03 /* Sources */ = {
			isa = PBXSourcesBuildPhase;
			buildActionMask = 2147483647;
			files = (
				17995DF8273D5DDC006F4E03 /* ViewController.swift in Sources */,
				17995DF4273D5DDC006F4E03 /* AppDelegate.swift in Sources */,
				17995DF6273D5DDC006F4E03 /* SceneDelegate.swift in Sources */,
				171D722827E50F04004A6ED7 /* MenuViewController.swift in Sources */,
			);
			runOnlyForDeploymentPostprocessing = 0;
		};
		17995E02273D5DDF006F4E03 /* Sources */ = {
			isa = PBXSourcesBuildPhase;
			buildActionMask = 2147483647;
			files = (
				17995E0B273D5DDF006F4E03 /* OneHalfTests.swift in Sources */,
			);
			runOnlyForDeploymentPostprocessing = 0;
		};
		17995E0C273D5DDF006F4E03 /* Sources */ = {
			isa = PBXSourcesBuildPhase;
			buildActionMask = 2147483647;
			files = (
				17995E17273D5DDF006F4E03 /* OneHalfUITestsLaunchTests.swift in Sources */,
				17995E15273D5DDF006F4E03 /* OneHalfUITests.swift in Sources */,
			);
			runOnlyForDeploymentPostprocessing = 0;
		};
/* End PBXSourcesBuildPhase section */

/* Begin PBXTargetDependency section */
		17995E08273D5DDF006F4E03 /* PBXTargetDependency */ = {
			isa = PBXTargetDependency;
			target = 17995DEF273D5DDC006F4E03 /* OneHalf */;
			targetProxy = 17995E07273D5DDF006F4E03 /* PBXContainerItemProxy */;
		};
		17995E12273D5DDF006F4E03 /* PBXTargetDependency */ = {
			isa = PBXTargetDependency;
			target = 17995DEF273D5DDC006F4E03 /* OneHalf */;
			targetProxy = 17995E11273D5DDF006F4E03 /* PBXContainerItemProxy */;
		};
/* End PBXTargetDependency section */

/* Begin PBXVariantGroup section */
		17995DF9273D5DDC006F4E03 /* Main.storyboard */ = {
			isa = PBXVariantGroup;
			children = (
				17995DFA273D5DDC006F4E03 /* Base */,
			);
			name = Main.storyboard;
			sourceTree = "<group>";
		};
		17995DFE273D5DDE006F4E03 /* LaunchScreen.storyboard */ = {
			isa = PBXVariantGroup;
			children = (
				17995DFF273D5DDE006F4E03 /* Base */,
			);
			name = LaunchScreen.storyboard;
			sourceTree = "<group>";
		};
/* End PBXVariantGroup section */

/* Begin XCBuildConfiguration section */
		17995E18273D5DDF006F4E03 /* Debug */ = {
			isa = XCBuildConfiguration;
			buildSettings = {
				ALWAYS_SEARCH_USER_PATHS = NO;
				CLANG_ANALYZER_NONNULL = YES;
				CLANG_ANALYZER_NUMBER_OBJECT_CONVERSION = YES_AGGRESSIVE;
				CLANG_CXX_LANGUAGE_STANDARD = "gnu++17";
				CLANG_CXX_LIBRARY = "libc++";
				CLANG_ENABLE_MODULES = YES;
				CLANG_ENABLE_OBJC_ARC = YES;
				CLANG_ENABLE_OBJC_WEAK = YES;
				CLANG_WARN_BLOCK_CAPTURE_AUTORELEASING = YES;
				CLANG_WARN_BOOL_CONVERSION = YES;
				CLANG_WARN_COMMA = YES;
				CLANG_WARN_CONSTANT_CONVERSION = YES;
				CLANG_WARN_DEPRECATED_OBJC_IMPLEMENTATIONS = YES;
				CLANG_WARN_DIRECT_OBJC_ISA_USAGE = YES_ERROR;
				CLANG_WARN_DOCUMENTATION_COMMENTS = YES;
				CLANG_WARN_EMPTY_BODY = YES;
				CLANG_WARN_ENUM_CONVERSION = YES;
				CLANG_WARN_INFINITE_RECURSION = YES;
				CLANG_WARN_INT_CONVERSION = YES;
				CLANG_WARN_NON_LITERAL_NULL_CONVERSION = YES;
				CLANG_WARN_OBJC_IMPLICIT_RETAIN_SELF = YES;
				CLANG_WARN_OBJC_LITERAL_CONVERSION = YES;
				CLANG_WARN_OBJC_ROOT_CLASS = YES_ERROR;
				CLANG_WARN_QUOTED_INCLUDE_IN_FRAMEWORK_HEADER = YES;
				CLANG_WARN_RANGE_LOOP_ANALYSIS = YES;
				CLANG_WARN_STRICT_PROTOTYPES = YES;
				CLANG_WARN_SUSPICIOUS_MOVE = YES;
				CLANG_WARN_UNGUARDED_AVAILABILITY = YES_AGGRESSIVE;
				CLANG_WARN_UNREACHABLE_CODE = YES;
				CLANG_WARN__DUPLICATE_METHOD_MATCH = YES;
				COPY_PHASE_STRIP = NO;
				DEBUG_INFORMATION_FORMAT = dwarf;
				ENABLE_STRICT_OBJC_MSGSEND = YES;
				ENABLE_TESTABILITY = YES;
				GCC_C_LANGUAGE_STANDARD = gnu11;
				GCC_DYNAMIC_NO_PIC = NO;
				GCC_NO_COMMON_BLOCKS = YES;
				GCC_OPTIMIZATION_LEVEL = 0;
				GCC_PREPROCESSOR_DEFINITIONS = (
					"DEBUG=1",
					"$(inherited)",
				);
				GCC_WARN_64_TO_32_BIT_CONVERSION = YES;
				GCC_WARN_ABOUT_RETURN_TYPE = YES_ERROR;
				GCC_WARN_UNDECLARED_SELECTOR = YES;
				GCC_WARN_UNINITIALIZED_AUTOS = YES_AGGRESSIVE;
				GCC_WARN_UNUSED_FUNCTION = YES;
				GCC_WARN_UNUSED_VARIABLE = YES;
				IPHONEOS_DEPLOYMENT_TARGET = 15.0;
				MTL_ENABLE_DEBUG_INFO = INCLUDE_SOURCE;
				MTL_FAST_MATH = YES;
				ONLY_ACTIVE_ARCH = YES;
				SDKROOT = iphoneos;
				SWIFT_ACTIVE_COMPILATION_CONDITIONS = DEBUG;
				SWIFT_OPTIMIZATION_LEVEL = "-Onone";
			};
			name = Debug;
		};
		17995E19273D5DDF006F4E03 /* Release */ = {
			isa = XCBuildConfiguration;
			buildSettings = {
				ALWAYS_SEARCH_USER_PATHS = NO;
				CLANG_ANALYZER_NONNULL = YES;
				CLANG_ANALYZER_NUMBER_OBJECT_CONVERSION = YES_AGGRESSIVE;
				CLANG_CXX_LANGUAGE_STANDARD = "gnu++17";
				CLANG_CXX_LIBRARY = "libc++";
				CLANG_ENABLE_MODULES = YES;
				CLANG_ENABLE_OBJC_ARC = YES;
				CLANG_ENABLE_OBJC_WEAK = YES;
				CLANG_WARN_BLOCK_CAPTURE_AUTORELEASING = YES;
				CLANG_WARN_BOOL_CONVERSION = YES;
				CLANG_WARN_COMMA = YES;
				CLANG_WARN_CONSTANT_CONVERSION = YES;
				CLANG_WARN_DEPRECATED_OBJC_IMPLEMENTATIONS = YES;
				CLANG_WARN_DIRECT_OBJC_ISA_USAGE = YES_ERROR;
				CLANG_WARN_DOCUMENTATION_COMMENTS = YES;
				CLANG_WARN_EMPTY_BODY = YES;
				CLANG_WARN_ENUM_CONVERSION = YES;
				CLANG_WARN_INFINITE_RECURSION = YES;
				CLANG_WARN_INT_CONVERSION = YES;
				CLANG_WARN_NON_LITERAL_NULL_CONVERSION = YES;
				CLANG_WARN_OBJC_IMPLICIT_RETAIN_SELF = YES;
				CLANG_WARN_OBJC_LITERAL_CONVERSION = YES;
				CLANG_WARN_OBJC_ROOT_CLASS = YES_ERROR;
				CLANG_WARN_QUOTED_INCLUDE_IN_FRAMEWORK_HEADER = YES;
				CLANG_WARN_RANGE_LOOP_ANALYSIS = YES;
				CLANG_WARN_STRICT_PROTOTYPES = YES;
				CLANG_WARN_SUSPICIOUS_MOVE = YES;
				CLANG_WARN_UNGUARDED_AVAILABILITY = YES_AGGRESSIVE;
				CLANG_WARN_UNREACHABLE_CODE = YES;
				CLANG_WARN__DUPLICATE_METHOD_MATCH = YES;
				COPY_PHASE_STRIP = NO;
				DEBUG_INFORMATION_FORMAT = "dwarf-with-dsym";
				ENABLE_NS_ASSERTIONS = NO;
				ENABLE_STRICT_OBJC_MSGSEND = YES;
				GCC_C_LANGUAGE_STANDARD = gnu11;
				GCC_NO_COMMON_BLOCKS = YES;
				GCC_WARN_64_TO_32_BIT_CONVERSION = YES;
				GCC_WARN_ABOUT_RETURN_TYPE = YES_ERROR;
				GCC_WARN_UNDECLARED_SELECTOR = YES;
				GCC_WARN_UNINITIALIZED_AUTOS = YES_AGGRESSIVE;
				GCC_WARN_UNUSED_FUNCTION = YES;
				GCC_WARN_UNUSED_VARIABLE = YES;
				IPHONEOS_DEPLOYMENT_TARGET = 15.0;
				MTL_ENABLE_DEBUG_INFO = NO;
				MTL_FAST_MATH = YES;
				SDKROOT = iphoneos;
				SWIFT_COMPILATION_MODE = wholemodule;
				SWIFT_OPTIMIZATION_LEVEL = "-O";
				VALIDATE_PRODUCT = YES;
			};
			name = Release;
		};
		17995E1B273D5DDF006F4E03 /* Debug */ = {
			isa = XCBuildConfiguration;
			buildSettings = {
				ASSETCATALOG_COMPILER_APPICON_NAME = AppIcon;
				ASSETCATALOG_COMPILER_GLOBAL_ACCENT_COLOR_NAME = AccentColor;
				ASSETCATALOG_COMPILER_INCLUDE_ALL_APPICON_ASSETS = NO;
				CODE_SIGN_STYLE = Automatic;
				CURRENT_PROJECT_VERSION = 4;
				DEVELOPMENT_TEAM = N38H3ZBTB2;
				GENERATE_INFOPLIST_FILE = YES;
				INFOPLIST_FILE = OneHalf/Info.plist;
				INFOPLIST_KEY_UIApplicationSupportsIndirectInputEvents = YES;
				INFOPLIST_KEY_UILaunchStoryboardName = LaunchScreen;
				INFOPLIST_KEY_UIMainStoryboardFile = Main;
				INFOPLIST_KEY_UIRequiredDeviceCapabilities = gamekit;
				INFOPLIST_KEY_UISupportedInterfaceOrientations = UIInterfaceOrientationPortrait;
				INFOPLIST_KEY_UISupportedInterfaceOrientations_iPad = "UIInterfaceOrientationPortrait UIInterfaceOrientationPortraitUpsideDown UIInterfaceOrientationLandscapeLeft UIInterfaceOrientationLandscapeRight";
				INFOPLIST_KEY_UISupportedInterfaceOrientations_iPhone = UIInterfaceOrientationPortrait;
				IPHONEOS_DEPLOYMENT_TARGET = 15.0;
				LD_RUNPATH_SEARCH_PATHS = (
					"$(inherited)",
					"@executable_path/Frameworks",
				);
				MARKETING_VERSION = 2.1;
				PRODUCT_BUNDLE_IDENTIFIER = com.hikaruaohara.OneHalf;
				PRODUCT_NAME = "$(TARGET_NAME)";
				SWIFT_EMIT_LOC_STRINGS = YES;
				SWIFT_VERSION = 5.0;
				TARGETED_DEVICE_FAMILY = "1,2";
			};
			name = Debug;
		};
		17995E1C273D5DDF006F4E03 /* Release */ = {
			isa = XCBuildConfiguration;
			buildSettings = {
				ASSETCATALOG_COMPILER_APPICON_NAME = AppIcon;
				ASSETCATALOG_COMPILER_GLOBAL_ACCENT_COLOR_NAME = AccentColor;
				ASSETCATALOG_COMPILER_INCLUDE_ALL_APPICON_ASSETS = NO;
				CODE_SIGN_STYLE = Automatic;
				CURRENT_PROJECT_VERSION = 4;
				DEVELOPMENT_TEAM = N38H3ZBTB2;
				GENERATE_INFOPLIST_FILE = YES;
				INFOPLIST_FILE = OneHalf/Info.plist;
				INFOPLIST_KEY_UIApplicationSupportsIndirectInputEvents = YES;
				INFOPLIST_KEY_UILaunchStoryboardName = LaunchScreen;
				INFOPLIST_KEY_UIMainStoryboardFile = Main;
				INFOPLIST_KEY_UIRequiredDeviceCapabilities = gamekit;
				INFOPLIST_KEY_UISupportedInterfaceOrientations = UIInterfaceOrientationPortrait;
				INFOPLIST_KEY_UISupportedInterfaceOrientations_iPad = "UIInterfaceOrientationPortrait UIInterfaceOrientationPortraitUpsideDown UIInterfaceOrientationLandscapeLeft UIInterfaceOrientationLandscapeRight";
				INFOPLIST_KEY_UISupportedInterfaceOrientations_iPhone = UIInterfaceOrientationPortrait;
				IPHONEOS_DEPLOYMENT_TARGET = 15.0;
				LD_RUNPATH_SEARCH_PATHS = (
					"$(inherited)",
					"@executable_path/Frameworks",
				);
				MARKETING_VERSION = 2.1;
				PRODUCT_BUNDLE_IDENTIFIER = com.hikaruaohara.OneHalf;
				PRODUCT_NAME = "$(TARGET_NAME)";
				SWIFT_EMIT_LOC_STRINGS = YES;
				SWIFT_VERSION = 5.0;
				TARGETED_DEVICE_FAMILY = "1,2";
			};
			name = Release;
		};
		17995E1E273D5DDF006F4E03 /* Debug */ = {
			isa = XCBuildConfiguration;
			buildSettings = {
				ALWAYS_EMBED_SWIFT_STANDARD_LIBRARIES = YES;
				BUNDLE_LOADER = "$(TEST_HOST)";
				CODE_SIGN_STYLE = Automatic;
				CURRENT_PROJECT_VERSION = 1;
				DEVELOPMENT_TEAM = URCCWXUUY2;
				GENERATE_INFOPLIST_FILE = YES;
				IPHONEOS_DEPLOYMENT_TARGET = 15.0;
				LD_RUNPATH_SEARCH_PATHS = (
					"$(inherited)",
					"@executable_path/Frameworks",
					"@loader_path/Frameworks",
				);
				MARKETING_VERSION = 1.0;
				PRODUCT_BUNDLE_IDENTIFIER = com.icloud.hika.0118.soccer.OneHalfTests;
				PRODUCT_NAME = "$(TARGET_NAME)";
				SWIFT_EMIT_LOC_STRINGS = NO;
				SWIFT_VERSION = 5.0;
				TARGETED_DEVICE_FAMILY = "1,2";
				TEST_HOST = "$(BUILT_PRODUCTS_DIR)/OneHalf.app/OneHalf";
			};
			name = Debug;
		};
		17995E1F273D5DDF006F4E03 /* Release */ = {
			isa = XCBuildConfiguration;
			buildSettings = {
				ALWAYS_EMBED_SWIFT_STANDARD_LIBRARIES = YES;
				BUNDLE_LOADER = "$(TEST_HOST)";
				CODE_SIGN_STYLE = Automatic;
				CURRENT_PROJECT_VERSION = 1;
				DEVELOPMENT_TEAM = URCCWXUUY2;
				GENERATE_INFOPLIST_FILE = YES;
				IPHONEOS_DEPLOYMENT_TARGET = 15.0;
				LD_RUNPATH_SEARCH_PATHS = (
					"$(inherited)",
					"@executable_path/Frameworks",
					"@loader_path/Frameworks",
				);
				MARKETING_VERSION = 1.0;
				PRODUCT_BUNDLE_IDENTIFIER = com.icloud.hika.0118.soccer.OneHalfTests;
				PRODUCT_NAME = "$(TARGET_NAME)";
				SWIFT_EMIT_LOC_STRINGS = NO;
				SWIFT_VERSION = 5.0;
				TARGETED_DEVICE_FAMILY = "1,2";
				TEST_HOST = "$(BUILT_PRODUCTS_DIR)/OneHalf.app/OneHalf";
			};
			name = Release;
		};
		17995E21273D5DDF006F4E03 /* Debug */ = {
			isa = XCBuildConfiguration;
			buildSettings = {
				ALWAYS_EMBED_SWIFT_STANDARD_LIBRARIES = YES;
				CODE_SIGN_STYLE = Automatic;
				CURRENT_PROJECT_VERSION = 1;
				DEVELOPMENT_TEAM = URCCWXUUY2;
				GENERATE_INFOPLIST_FILE = YES;
				LD_RUNPATH_SEARCH_PATHS = (
					"$(inherited)",
					"@executable_path/Frameworks",
					"@loader_path/Frameworks",
				);
				MARKETING_VERSION = 1.0;
				PRODUCT_BUNDLE_IDENTIFIER = com.icloud.hika.0118.soccer.OneHalfUITests;
				PRODUCT_NAME = "$(TARGET_NAME)";
				SWIFT_EMIT_LOC_STRINGS = NO;
				SWIFT_VERSION = 5.0;
				TARGETED_DEVICE_FAMILY = "1,2";
				TEST_TARGET_NAME = OneHalf;
			};
			name = Debug;
		};
		17995E22273D5DDF006F4E03 /* Release */ = {
			isa = XCBuildConfiguration;
			buildSettings = {
				ALWAYS_EMBED_SWIFT_STANDARD_LIBRARIES = YES;
				CODE_SIGN_STYLE = Automatic;
				CURRENT_PROJECT_VERSION = 1;
				DEVELOPMENT_TEAM = URCCWXUUY2;
				GENERATE_INFOPLIST_FILE = YES;
				LD_RUNPATH_SEARCH_PATHS = (
					"$(inherited)",
					"@executable_path/Frameworks",
					"@loader_path/Frameworks",
				);
				MARKETING_VERSION = 1.0;
				PRODUCT_BUNDLE_IDENTIFIER = com.icloud.hika.0118.soccer.OneHalfUITests;
				PRODUCT_NAME = "$(TARGET_NAME)";
				SWIFT_EMIT_LOC_STRINGS = NO;
				SWIFT_VERSION = 5.0;
				TARGETED_DEVICE_FAMILY = "1,2";
				TEST_TARGET_NAME = OneHalf;
			};
			name = Release;
		};
/* End XCBuildConfiguration section */

/* Begin XCConfigurationList section */
		17995DEB273D5DDC006F4E03 /* Build configuration list for PBXProject "OneHalf" */ = {
			isa = XCConfigurationList;
			buildConfigurations = (
				17995E18273D5DDF006F4E03 /* Debug */,
				17995E19273D5DDF006F4E03 /* Release */,
			);
			defaultConfigurationIsVisible = 0;
			defaultConfigurationName = Release;
		};
		17995E1A273D5DDF006F4E03 /* Build configuration list for PBXNativeTarget "OneHalf" */ = {
			isa = XCConfigurationList;
			buildConfigurations = (
				17995E1B273D5DDF006F4E03 /* Debug */,
				17995E1C273D5DDF006F4E03 /* Release */,
			);
			defaultConfigurationIsVisible = 0;
			defaultConfigurationName = Release;
		};
		17995E1D273D5DDF006F4E03 /* Build configuration list for PBXNativeTarget "OneHalfTests" */ = {
			isa = XCConfigurationList;
			buildConfigurations = (
				17995E1E273D5DDF006F4E03 /* Debug */,
				17995E1F273D5DDF006F4E03 /* Release */,
			);
			defaultConfigurationIsVisible = 0;
			defaultConfigurationName = Release;
		};
		17995E20273D5DDF006F4E03 /* Build configuration list for PBXNativeTarget "OneHalfUITests" */ = {
			isa = XCConfigurationList;
			buildConfigurations = (
				17995E21273D5DDF006F4E03 /* Debug */,
				17995E22273D5DDF006F4E03 /* Release */,
			);
			defaultConfigurationIsVisible = 0;
			defaultConfigurationName = Release;
		};
/* End XCConfigurationList section */
	};
	rootObject = 17995DE8273D5DDC006F4E03 /* Project object */;
}
